
Microsoft Visual Studio Solution File, Format Version 12.00
# Visual Studio Version 17
VisualStudioVersion = 17.0.31903.59
MinimumVisualStudioVersion = 10.0.40219.1
Project("{FAE04EC0-301F-11D3-BF4B-00C04F79EFBC}") = "EvalRight.Domain", "EvalRight.Domain\EvalRight.Domain.csproj", "{09A4E017-5A26-4B46-9CC4-CCC8F8E4B429}"
EndProject
Project("{FAE04EC0-301F-11D3-BF4B-00C04F79EFBC}") = "EvalRight.Infrastructure", "EvalRight.Infrastructure\EvalRight.Infrastructure.csproj", "{206FADA0-DDA2-4101-8ECD-AE59C7AA4150}"
EndProject
Project("{FAE04EC0-301F-11D3-BF4B-00C04F79EFBC}") = "EvalRight.Application", "EvalRight.Application\EvalRight.Application.csproj", "{907CF33D-13CF-4AB4-9C15-634E7114E612}"
EndProject
Project("{FAE04EC0-301F-11D3-BF4B-00C04F79EFBC}") = "EvalRight.API", "EvalRight.API\EvalRight.API.csproj", "{9D158830-0041-4D8D-AF72-8F21520B8E17}"
EndProject
Global
	GlobalSection(SolutionConfigurationPlatforms) = preSolution
		Debug|Any CPU = Debug|Any CPU
		Debug|x64 = Debug|x64
		Debug|x86 = Debug|x86
		Release|Any CPU = Release|Any CPU
		Release|x64 = Release|x64
		Release|x86 = Release|x86
	EndGlobalSection
	GlobalSection(ProjectConfigurationPlatforms) = postSolution
		{09A4E017-5A26-4B46-9CC4-CCC8F8E4B429}.Debug|Any CPU.ActiveCfg = Debug|Any CPU
		{09A4E017-5A26-4B46-9CC4-CCC8F8E4B429}.Debug|Any CPU.Build.0 = Debug|Any CPU
		{09A4E017-5A26-4B46-9CC4-CCC8F8E4B429}.Debug|x64.ActiveCfg = Debug|Any CPU
		{09A4E017-5A26-4B46-9CC4-CCC8F8E4B429}.Debug|x64.Build.0 = Debug|Any CPU
		{09A4E017-5A26-4B46-9CC4-CCC8F8E4B429}.Debug|x86.ActiveCfg = Debug|Any CPU
		{09A4E017-5A26-4B46-9CC4-CCC8F8E4B429}.Debug|x86.Build.0 = Debug|Any CPU
		{09A4E017-5A26-4B46-9CC4-CCC8F8E4B429}.Release|Any CPU.ActiveCfg = Release|Any CPU
		{09A4E017-5A26-4B46-9CC4-CCC8F8E4B429}.Release|Any CPU.Build.0 = Release|Any CPU
		{09A4E017-5A26-4B46-9CC4-CCC8F8E4B429}.Release|x64.ActiveCfg = Release|Any CPU
		{09A4E017-5A26-4B46-9CC4-CCC8F8E4B429}.Release|x64.Build.0 = Release|Any CPU
		{09A4E017-5A26-4B46-9CC4-CCC8F8E4B429}.Release|x86.ActiveCfg = Release|Any CPU
		{09A4E017-5A26-4B46-9CC4-CCC8F8E4B429}.Release|x86.Build.0 = Release|Any CPU
		{206FADA0-DDA2-4101-8ECD-AE59C7AA4150}.Debug|Any CPU.ActiveCfg = Debug|Any CPU
		{206FADA0-DDA2-4101-8ECD-AE59C7AA4150}.Debug|Any CPU.Build.0 = Debug|Any CPU
		{206FADA0-DDA2-4101-8ECD-AE59C7AA4150}.Debug|x64.ActiveCfg = Debug|Any CPU
		{206FADA0-DDA2-4101-8ECD-AE59C7AA4150}.Debug|x64.Build.0 = Debug|Any CPU
		{206FADA0-DDA2-4101-8ECD-AE59C7AA4150}.Debug|x86.ActiveCfg = Debug|Any CPU
		{206FADA0-DDA2-4101-8ECD-AE59C7AA4150}.Debug|x86.Build.0 = Debug|Any CPU
		{206FADA0-DDA2-4101-8ECD-AE59C7AA4150}.Release|Any CPU.ActiveCfg = Release|Any CPU
		{206FADA0-DDA2-4101-8ECD-AE59C7AA4150}.Release|Any CPU.Build.0 = Release|Any CPU
		{206FADA0-DDA2-4101-8ECD-AE59C7AA4150}.Release|x64.ActiveCfg = Release|Any CPU
		{206FADA0-DDA2-4101-8ECD-AE59C7AA4150}.Release|x64.Build.0 = Release|Any CPU
		{206FADA0-DDA2-4101-8ECD-AE59C7AA4150}.Release|x86.ActiveCfg = Release|Any CPU
		{206FADA0-DDA2-4101-8ECD-AE59C7AA4150}.Release|x86.Build.0 = Release|Any CPU
		{907CF33D-13CF-4AB4-9C15-634E7114E612}.Debug|Any CPU.ActiveCfg = Debug|Any CPU
		{907CF33D-13CF-4AB4-9C15-634E7114E612}.Debug|Any CPU.Build.0 = Debug|Any CPU
		{907CF33D-13CF-4AB4-9C15-634E7114E612}.Debug|x64.ActiveCfg = Debug|Any CPU
		{907CF33D-13CF-4AB4-9C15-634E7114E612}.Debug|x64.Build.0 = Debug|Any CPU
		{907CF33D-13CF-4AB4-9C15-634E7114E612}.Debug|x86.ActiveCfg = Debug|Any CPU
		{907CF33D-13CF-4AB4-9C15-634E7114E612}.Debug|x86.Build.0 = Debug|Any CPU
		{907CF33D-13CF-4AB4-9C15-634E7114E612}.Release|Any CPU.ActiveCfg = Release|Any CPU
		{907CF33D-13CF-4AB4-9C15-634E7114E612}.Release|Any CPU.Build.0 = Release|Any CPU
		{907CF33D-13CF-4AB4-9C15-634E7114E612}.Release|x64.ActiveCfg = Release|Any CPU
		{907CF33D-13CF-4AB4-9C15-634E7114E612}.Release|x64.Build.0 = Release|Any CPU
		{907CF33D-13CF-4AB4-9C15-634E7114E612}.Release|x86.ActiveCfg = Release|Any CPU
		{907CF33D-13CF-4AB4-9C15-634E7114E612}.Release|x86.Build.0 = Release|Any CPU
		{9D158830-0041-4D8D-AF72-8F21520B8E17}.Debug|Any CPU.ActiveCfg = Debug|Any CPU
		{9D158830-0041-4D8D-AF72-8F21520B8E17}.Debug|Any CPU.Build.0 = Debug|Any CPU
		{9D158830-0041-4D8D-AF72-8F21520B8E17}.Debug|x64.ActiveCfg = Debug|Any CPU
		{9D158830-0041-4D8D-AF72-8F21520B8E17}.Debug|x64.Build.0 = Debug|Any CPU
		{9D158830-0041-4D8D-AF72-8F21520B8E17}.Debug|x86.ActiveCfg = Debug|Any CPU
		{9D158830-0041-4D8D-AF72-8F21520B8E17}.Debug|x86.Build.0 = Debug|Any CPU
		{9D158830-0041-4D8D-AF72-8F21520B8E17}.Release|Any CPU.ActiveCfg = Release|Any CPU
		{9D158830-0041-4D8D-AF72-8F21520B8E17}.Release|Any CPU.Build.0 = Release|Any CPU
		{9D158830-0041-4D8D-AF72-8F21520B8E17}.Release|x64.ActiveCfg = Release|Any CPU
		{9D158830-0041-4D8D-AF72-8F21520B8E17}.Release|x64.Build.0 = Release|Any CPU
		{9D158830-0041-4D8D-AF72-8F21520B8E17}.Release|x86.ActiveCfg = Release|Any CPU
		{9D158830-0041-4D8D-AF72-8F21520B8E17}.Release|x86.Build.0 = Release|Any CPU
	EndGlobalSection
	GlobalSection(SolutionProperties) = preSolution
		HideSolutionNode = FALSE
	EndGlobalSection
EndGlobal
